Microsoft Visual Studio Solution File, Format Version 11.00
# Visual Studio 2008

Project("{9B77E882-5E3E-4B1C-1F28-15B30148DBA9}") = "регистрация нового пациента", "Assembly-CSharp.csproj", "{9F4E70BF-36FE-4142-CED5-34564DC7E009}"
EndProject
Global
	GlobalSection(SolutionConfigurationPlatforms) = preSolution
		Debug|Any CPU = Debug|Any CPU
		Release|Any CPU = Release|Any CPU
	EndGlobalSection
	GlobalSection(ProjectConfigurationPlatforms) = postSolution
		{9F4E70BF-36FE-4142-CED5-34564DC7E009}.Debug|Any CPU.ActiveCfg = Debug|Any CPU
		{9F4E70BF-36FE-4142-CED5-34564DC7E009}.Debug|Any CPU.Build.0 = Debug|Any CPU
		{9F4E70BF-36FE-4142-CED5-34564DC7E009}.Release|Any CPU.ActiveCfg = Release|Any CPU
		{9F4E70BF-36FE-4142-CED5-34564DC7E009}.Release|Any CPU.Build.0 = Release|Any CPU
	EndGlobalSection
	GlobalSection(SolutionProperties) = preSolution
		HideSolutionNode = FALSE
	EndGlobalSection
	GlobalSection(MonoDevelopProperties) = preSolution
		StartupItem = Assembly-CSharp.csproj
	EndGlobalSection
EndGlobal
